
Microsoft Visual Studio Solution File, Format Version 12.00
# Visual Studio Version 17
VisualStudioVersion = 17.13.35605.110
MinimumVisualStudioVersion = 10.0.40219.1
Project("{FAE04EC0-301F-11D3-BF4B-00C04F79EFBC}") = "GestionVoitureFrontOffice", "GestionVoitureFrontOffice.csproj", "{D2EBD15A-B153-4A0C-9EB8-27EBB1EC1EBF}"
EndProject
Global
	GlobalSection(SolutionConfigurationPlatforms) = preSolution
		Debug|Any CPU = Debug|Any CPU
		Release|Any CPU = Release|Any CPU
	EndGlobalSection
	GlobalSection(ProjectConfigurationPlatforms) = postSolution
		{D2EBD15A-B153-4A0C-9EB8-27EBB1EC1EBF}.Debug|Any CPU.ActiveCfg = Debug|Any CPU
		{D2EBD15A-B153-4A0C-9EB8-27EBB1EC1EBF}.Debug|Any CPU.Build.0 = Debug|Any CPU
		{D2EBD15A-B153-4A0C-9EB8-27EBB1EC1EBF}.Release|Any CPU.ActiveCfg = Release|Any CPU
		{D2EBD15A-B153-4A0C-9EB8-27EBB1EC1EBF}.Release|Any CPU.Build.0 = Release|Any CPU
	EndGlobalSection
	GlobalSection(SolutionProperties) = preSolution
		HideSolutionNode = FALSE
	EndGlobalSection
	GlobalSection(ExtensibilityGlobals) = postSolution
		SolutionGuid = {6A20FBB6-EB7B-4872-AA34-9B7D2FB10654}
	EndGlobalSection
EndGlobal
